// !$*UTF8*$!
{
	archiveVersion = 1;
	classes = {
	};
	objectVersion = 46;
	objects = {

/* Begin PBXBuildFile section */
		036C933D1C9ED8DC0035F570 /* main.m in Sources */ = {isa = PBXBuildFile; fileRef = 036C933C1C9ED8DC0035F570 /* main.m */; };
		036C93401C9ED8DC0035F570 /* AppDelegate.m in Sources */ = {isa = PBXBuildFile; fileRef = 036C933F1C9ED8DC0035F570 /* AppDelegate.m */; };
		036C93431C9ED8DC0035F570 /* ViewController.m in Sources */ = {isa = PBXBuildFile; fileRef = 036C93421C9ED8DC0035F570 /* ViewController.m */; };
		036C93461C9ED8DC0035F570 /* Main.storyboard in Resources */ = {isa = PBXBuildFile; fileRef = 036C93441C9ED8DC0035F570 /* Main.storyboard */; };
		036C93481C9ED8DC0035F570 /* Assets.xcassets in Resources */ = {isa = PBXBuildFile; fileRef = 036C93471C9ED8DC0035F570 /* Assets.xcassets */; };
		036C934B1C9ED8DC0035F570 /* LaunchScreen.storyboard in Resources */ = {isa = PBXBuildFile; fileRef = 036C93491C9ED8DC0035F570 /* LaunchScreen.storyboard */; };
		036C93541C9EE2630035F570 /* MyCollectionViewCell.m in Sources */ = {isa = PBXBuildFile; fileRef = 036C93531C9EE2630035F570 /* MyCollectionViewCell.m */; };
		036C93571C9EE30B0035F570 /* Model.m in Sources */ = {isa = PBXBuildFile; fileRef = 036C93561C9EE30B0035F570 /* Model.m */; };
		036C935A1C9EE89E0035F570 /* ImageInfo.m in Sources */ = {isa = PBXBuildFile; fileRef = 036C93591C9EE89E0035F570 /* ImageInfo.m */; };
/* End PBXBuildFile section */

/* Begin PBXFileReference section */
		036C93381C9ED8DC0035F570 /* CollectionViewDemo.app */ = {isa = PBXFileReference; explicitFileType = wrapper.application; includeInIndex = 0; path = CollectionViewDemo.app; sourceTree = BUILT_PRODUCTS_DIR; };
		036C933C1C9ED8DC0035F570 /* main.m */ = {isa = PBXFileReference; lastKnownFileType = sourcecode.c.objc; path = main.m; sourceTree = "<group>"; };
		036C933E1C9ED8DC0035F570 /* AppDelegate.h */ = {isa = PBXFileReference; lastKnownFileType = sourcecode.c.h; path = AppDelegate.h; sourceTree = "<group>"; };
		036C933F1C9ED8DC0035F570 /* AppDelegate.m */ = {isa = PBXFileReference; lastKnownFileType = sourcecode.c.objc; path = AppDelegate.m; sourceTree = "<group>"; };
		036C93411C9ED8DC0035F570 /* ViewController.h */ = {isa = PBXFileReference; lastKnownFileType = sourcecode.c.h; path = ViewController.h; sourceTree = "<group>"; };
		036C93421C9ED8DC0035F570 /* ViewController.m */ = {isa = PBXFileReference; lastKnownFileType = sourcecode.c.objc; path = ViewController.m; sourceTree = "<group>"; };
		036C93451C9ED8DC0035F570 /* Base */ = {isa = PBXFileReference; lastKnownFileType = file.storyboard; name = Base; path = Base.lproj/Main.storyboard; sourceTree = "<group>"; };
		036C93471C9ED8DC0035F570 /* Assets.xcassets */ = {isa = PBXFileReference; lastKnownFileType = folder.assetcatalog; path = Assets.xcassets; sourceTree = "<group>"; };
		036C934A1C9ED8DC0035F570 /* Base */ = {isa = PBXFileReference; lastKnownFileType = file.storyboard; name = Base; path = Base.lproj/LaunchScreen.storyboard; sourceTree = "<group>"; };
		036C934C1C9ED8DC0035F570 /* Info.plist */ = {isa = PBXFileReference; lastKnownFileType = text.plist.xml; path = Info.plist; sourceTree = "<group>"; };
		036C93521C9EE2630035F570 /* MyCollectionViewCell.h */ = {isa = PBXFileReference; fileEncoding = 4; lastKnownFileType = sourcecode.c.h; path = MyCollectionViewCell.h; sourceTree = "<group>"; };
		036C93531C9EE2630035F570 /* MyCollectionViewCell.m */ = {isa = PBXFileReference; fileEncoding = 4; lastKnownFileType = sourcecode.c.objc; path = MyCollectionViewCell.m; sourceTree = "<group>"; };
		036C93551C9EE30B0035F570 /* Model.h */ = {isa = PBXFileReference; fileEncoding = 4; lastKnownFileType = sourcecode.c.h; path = Model.h; sourceTree = "<group>"; };
		036C93561C9EE30B0035F570 /* Model.m */ = {isa = PBXFileReference; fileEncoding = 4; lastKnownFileType = sourcecode.c.objc; path = Model.m; sourceTree = "<group>"; };
		036C93581C9EE89E0035F570 /* ImageInfo.h */ = {isa = PBXFileReference; fileEncoding = 4; lastKnownFileType = sourcecode.c.h; path = ImageInfo.h; sourceTree = "<group>"; };
		036C93591C9EE89E0035F570 /* ImageInfo.m */ = {isa = PBXFileReference; fileEncoding = 4; lastKnownFileType = sourcecode.c.objc; path = ImageInfo.m; sourceTree = "<group>"; };
/* End PBXFileReference section */

/* Begin PBXFrameworksBuildPhase section */
		036C93351C9ED8DC0035F570 /* Frameworks */ = {
			isa = PBXFrameworksBuildPhase;
			buildActionMask = 2147483647;
			files = (
			);
			runOnlyForDeploymentPostprocessing = 0;
		};
/* End PBXFrameworksBuildPhase section */

/* Begin PBXGroup section */
		036C932F1C9ED8DC0035F570 = {
			isa = PBXGroup;
			children = (
				036C933A1C9ED8DC0035F570 /* CollectionViewDemo */,
				036C93391C9ED8DC0035F570 /* Products */,
			);
			sourceTree = "<group>";
		};
		036C93391C9ED8DC0035F570 /* Products */ = {
			isa = PBXGroup;
			children = (
				036C93381C9ED8DC0035F570 /* CollectionViewDemo.app */,
			);
			name = Products;
			sourceTree = "<group>";
		};
		036C933A1C9ED8DC0035F570 /* CollectionViewDemo */ = {
			isa = PBXGroup;
			children = (
				036C933E1C9ED8DC0035F570 /* AppDelegate.h */,
				036C933F1C9ED8DC0035F570 /* AppDelegate.m */,
				036C93581C9EE89E0035F570 /* ImageInfo.h */,
				036C93591C9EE89E0035F570 /* ImageInfo.m */,
				036C93551C9EE30B0035F570 /* Model.h */,
				036C93561C9EE30B0035F570 /* Model.m */,
				036C93411C9ED8DC0035F570 /* ViewController.h */,
				036C93421C9ED8DC0035F570 /* ViewController.m */,
				036C93521C9EE2630035F570 /* MyCollectionViewCell.h */,
				036C93531C9EE2630035F570 /* MyCollectionViewCell.m */,
				036C93441C9ED8DC0035F570 /* Main.storyboard */,
				036C93471C9ED8DC0035F570 /* Assets.xcassets */,
				036C93491C9ED8DC0035F570 /* LaunchScreen.storyboard */,
				036C934C1C9ED8DC0035F570 /* Info.plist */,
				036C933B1C9ED8DC0035F570 /* Supporting Files */,
			);
			path = CollectionViewDemo;
			sourceTree = "<group>";
		};
		036C933B1C9ED8DC0035F570 /* Supporting Files */ = {
			isa = PBXGroup;
			children = (
				036C933C1C9ED8DC0035F570 /* main.m */,
			);
			name = "Supporting Files";
			sourceTree = "<group>";
		};
/* End PBXGroup section */

/* Begin PBXNativeTarget section */
		036C93371C9ED8DC0035F570 /* CollectionViewDemo */ = {
			isa = PBXNativeTarget;
			buildConfigurationList = 036C934F1C9ED8DC0035F570 /* Build configuration list for PBXNativeTarget "CollectionViewDemo" */;
			buildPhases = (
				036C93341C9ED8DC0035F570 /* Sources */,
				036C93351C9ED8DC0035F570 /* Frameworks */,
				036C93361C9ED8DC0035F570 /* Resources */,
			);
			buildRules = (
			);
			dependencies = (
			);
			name = CollectionViewDemo;
			productName = CollectionViewDemo;
			productReference = 036C93381C9ED8DC0035F570 /* CollectionViewDemo.app */;
			productType = "com.apple.product-type.application";
		};
/* End PBXNativeTarget section */

/* Begin PBXProject section */
		036C93301C9ED8DC0035F570 /* Project object */ = {
			isa = PBXProject;
			attributes = {
				LastUpgradeCheck = 0720;
				ORGANIZATIONNAME = icodeyou;
				TargetAttributes = {
					036C93371C9ED8DC0035F570 = {
						CreatedOnToolsVersion = 7.2.1;
					};
				};
			};
			buildConfigurationList = 036C93331C9ED8DC0035F570 /* Build configuration list for PBXProject "CollectionViewDemo" */;
			compatibilityVersion = "Xcode 3.2";
			developmentRegion = English;
			hasScannedForEncodings = 0;
			knownRegions = (
				en,
				Base,
			);
			mainGroup = 036C932F1C9ED8DC0035F570;
			productRefGroup = 036C93391C9ED8DC0035F570 /* Products */;
			projectDirPath = "";
			projectRoot = "";
			targets = (
				036C93371C9ED8DC0035F570 /* CollectionViewDemo */,
			);
		};
/* End PBXProject section */

/* Begin PBXResourcesBuildPhase section */
		036C93361C9ED8DC0035F570 /* Resources */ = {
			isa = PBXResourcesBuildPhase;
			buildActionMask = 2147483647;
			files = (
				036C934B1C9ED8DC0035F570 /* LaunchScreen.storyboard in Resources */,
				036C93481C9ED8DC0035F570 /* Assets.xcassets in Resources */,
				036C93461C9ED8DC0035F570 /* Main.storyboard in Resources */,
			);
			runOnlyForDeploymentPostprocessing = 0;
		};
/* End PBXResourcesBuildPhase section */

/* Begin PBXSourcesBuildPhase section */
		036C93341C9ED8DC0035F570 /* Sources */ = {
			isa = PBXSourcesBuildPhase;
			buildActionMask = 2147483647;
			files = (
				036C93431C9ED8DC0035F570 /* ViewController.m in Sources */,
				036C935A1C9EE89E0035F570 /* ImageInfo.m in Sources */,
				036C93401C9ED8DC0035F570 /* AppDelegate.m in Sources */,
				036C93541C9EE2630035F570 /* MyCollectionViewCell.m in Sources */,
				036C933D1C9ED8DC0035F570 /* main.m in Sources */,
				036C93571C9EE30B0035F570 /* Model.m in Sources */,
			);
			runOnlyForDeploymentPostprocessing = 0;
		};
/* End PBXSourcesBuildPhase section */

/* Begin PBXVariantGroup section */
		036C93441C9ED8DC0035F570 /* Main.storyboard */ = {
			isa = PBXVariantGroup;
			children = (
				036C93451C9ED8DC0035F570 /* Base */,
			);
			name = Main.storyboard;
			sourceTree = "<group>";
		};
		036C93491C9ED8DC0035F570 /* LaunchScreen.storyboard */ = {
			isa = PBXVariantGroup;
			children = (
				036C934A1C9ED8DC0035F570 /* Base */,
			);
			name = LaunchScreen.storyboard;
			sourceTree = "<group>";
		};
/* End PBXVariantGroup section */

/* Begin XCBuildConfiguration section */
		036C934D1C9ED8DC0035F570 /* Debug */ = {
			isa = XCBuildConfiguration;
			buildSettings = {
				ALWAYS_SEARCH_USER_PATHS = NO;
				CLANG_CXX_LANGUAGE_STANDARD = "gnu++0x";
				CLANG_CXX_LIBRARY = "libc++";
				CLANG_ENABLE_MODULES = YES;
				CLANG_ENABLE_OBJC_ARC = YES;
				CLANG_WARN_BOOL_CONVERSION = YES;
				CLANG_WARN_CONSTANT_CONVERSION = YES;
				CLANG_WARN_DIRECT_OBJC_ISA_USAGE = YES_ERROR;
				CLANG_WARN_EMPTY_BODY = YES;
				CLANG_WARN_ENUM_CONVERSION = YES;
				CLANG_WARN_INT_CONVERSION = YES;
				CLANG_WARN_OBJC_ROOT_CLASS = YES_ERROR;
				CLANG_WARN_UNREACHABLE_CODE = YES;
				CLANG_WARN__DUPLICATE_METHOD_MATCH = YES;
				"CODE_SIGN_IDENTITY[sdk=iphoneos*]" = "iPhone Developer";
				COPY_PHASE_STRIP = NO;
				DEBUG_INFORMATION_FORMAT = dwarf;
				ENABLE_STRICT_OBJC_MSGSEND = YES;
				ENABLE_TESTABILITY = YES;
				GCC_C_LANGUAGE_STANDARD = gnu99;
				GCC_DYNAMIC_NO_PIC = NO;
				GCC_NO_COMMON_BLOCKS = YES;
				GCC_OPTIMIZATION_LEVEL = 0;
				GCC_PREPROCESSOR_DEFINITIONS = (
					"DEBUG=1",
					"$(inherited)",
				);
				GCC_WARN_64_TO_32_BIT_CONVERSION = YES;
				GCC_WARN_ABOUT_RETURN_TYPE = YES_ERROR;
				GCC_WARN_UNDECLARED_SELECTOR = YES;
				GCC_WARN_UNINITIALIZED_AUTOS = YES_AGGRESSIVE;
				GCC_WARN_UNUSED_FUNCTION = YES;
				GCC_WARN_UNUSED_VARIABLE = YES;
				IPHONEOS_DEPLOYMENT_TARGET = 9.2;
				MTL_ENABLE_DEBUG_INFO = YES;
				ONLY_ACTIVE_ARCH = YES;
				SDKROOT = iphoneos;
			};
			name = Debug;
		};
		036C934E1C9ED8DC0035F570 /* Release */ = {
			isa = XCBuildConfiguration;
			buildSettings = {
				ALWAYS_SEARCH_USER_PATHS = NO;
				CLANG_CXX_LANGUAGE_STANDARD = "gnu++0x";
				CLANG_CXX_LIBRARY = "libc++";
				CLANG_ENABLE_MODULES = YES;
				CLANG_ENABLE_OBJC_ARC = YES;
				CLANG_WARN_BOOL_CONVERSION = YES;
				CLANG_WARN_CONSTANT_CONVERSION = YES;
				CLANG_WARN_DIRECT_OBJC_ISA_USAGE = YES_ERROR;
				CLANG_WARN_EMPTY_BODY = YES;
				CLANG_WARN_ENUM_CONVERSION = YES;
				CLANG_WARN_INT_CONVERSION = YES;
				CLANG_WARN_OBJC_ROOT_CLASS = YES_ERROR;
				CLANG_WARN_UNREACHABLE_CODE = YES;
				CLANG_WARN__DUPLICATE_METHOD_MATCH = YES;
				"CODE_SIGN_IDENTITY[sdk=iphoneos*]" = "iPhone Developer";
				COPY_PHASE_STRIP = NO;
				DEBUG_INFORMATION_FORMAT = "dwarf-with-dsym";
				ENABLE_NS_ASSERTIONS = NO;
				ENABLE_STRICT_OBJC_MSGSEND = YES;
				GCC_C_LANGUAGE_STANDARD = gnu99;
				GCC_NO_COMMON_BLOCKS = YES;
				GCC_WARN_64_TO_32_BIT_CONVERSION = YES;
				GCC_WARN_ABOUT_RETURN_TYPE = YES_ERROR;
				GCC_WARN_UNDECLARED_SELECTOR = YES;
				GCC_WARN_UNINITIALIZED_AUTOS = YES_AGGRESSIVE;
				GCC_WARN_UNUSED_FUNCTION = YES;
				GCC_WARN_UNUSED_VARIABLE = YES;
				IPHONEOS_DEPLOYMENT_TARGET = 9.2;
				MTL_ENABLE_DEBUG_INFO = NO;
				SDKROOT = iphoneos;
				VALIDATE_PRODUCT = YES;
			};
			name = Release;
		};
		036C93501C9ED8DC0035F570 /* Debug */ = {
			isa = XCBuildConfiguration;
			buildSettings = {
				ASSETCATALOG_COMPILER_APPICON_NAME = AppIcon;
				INFOPLIST_FILE = CollectionViewDemo/Info.plist;
				LD_RUNPATH_SEARCH_PATHS = "$(inherited) @executable_path/Frameworks";
				PRODUCT_BUNDLE_IDENTIFIER = com.icodeyou.CollectionViewDemo;
				PRODUCT_NAME = "$(TARGET_NAME)";
			};
			name = Debug;
		};
		036C93511C9ED8DC0035F570 /* Release */ = {
			isa = XCBuildConfiguration;
			buildSettings = {
				ASSETCATALOG_COMPILER_APPICON_NAME = AppIcon;
				INFOPLIST_FILE = CollectionViewDemo/Info.plist;
				LD_RUNPATH_SEARCH_PATHS = "$(inherited) @executable_path/Frameworks";
				PRODUCT_BUNDLE_IDENTIFIER = com.icodeyou.CollectionViewDemo;
				PRODUCT_NAME = "$(TARGET_NAME)";
			};
			name = Release;
		};
/* End XCBuildConfiguration section */

/* Begin XCConfigurationList section */
		036C93331C9ED8DC0035F570 /* Build configuration list for PBXProject "CollectionViewDemo" */ = {
			isa = XCConfigurationList;
			buildConfigurations = (
				036C934D1C9ED8DC0035F570 /* Debug */,
				036C934E1C9ED8DC0035F570 /* Release */,
			);
			defaultConfigurationIsVisible = 0;
			defaultConfigurationName = Release;
		};
		036C934F1C9ED8DC0035F570 /* Build configuration list for PBXNativeTarget "CollectionViewDemo" */ = {
			isa = XCConfigurationList;
			buildConfigurations = (
				036C93501C9ED8DC0035F570 /* Debug */,
				036C93511C9ED8DC0035F570 /* Release */,
			);
			defaultConfigurationIsVisible = 0;
		};
/* End XCConfigurationList section */
	};
	rootObject = 036C93301C9ED8DC0035F570 /* Project object */;
}
